
Microsoft Visual Studio Solution File, Format Version 12.00
# Visual Studio Version 17
VisualStudioVersion = 17.0.31903.59
MinimumVisualStudioVersion = 10.0.40219.1
Project("{2150E333-8FDC-42A3-9474-1A3956D46DE8}") = "lab1-2", "lab1-2", "{602FC4DA-C3E8-4BF7-9FA4-CF3AFB792029}"
EndProject
Project("{FAE04EC0-301F-11D3-BF4B-00C04F79EFBC}") = "lab", "lab1-2\lab\lab.csproj", "{AFBAE8D7-2A5F-4A86-90AD-BFFA5B14F62B}"
EndProject
Project("{FAE04EC0-301F-11D3-BF4B-00C04F79EFBC}") = "labTests", "lab1-2\labTests\labTests.csproj", "{A2FBC28D-A9B6-4507-9F0A-9D7F00581301}"
EndProject
Project("{2150E333-8FDC-42A3-9474-1A3956D46DE8}") = "lab3", "lab3", "{6F87D3CE-4146-4A1B-8409-FEC4FF78D5FD}"
EndProject
Project("{FAE04EC0-301F-11D3-BF4B-00C04F79EFBC}") = "lab3", "lab3\lab3\lab3.csproj", "{EB5DEAEB-4C76-4BEC-A863-C638CCDEB90B}"
EndProject
Global
	GlobalSection(SolutionConfigurationPlatforms) = preSolution
		Debug|Any CPU = Debug|Any CPU
		Release|Any CPU = Release|Any CPU
	EndGlobalSection
	GlobalSection(ProjectConfigurationPlatforms) = postSolution
		{AFBAE8D7-2A5F-4A86-90AD-BFFA5B14F62B}.Debug|Any CPU.ActiveCfg = Debug|Any CPU
		{AFBAE8D7-2A5F-4A86-90AD-BFFA5B14F62B}.Debug|Any CPU.Build.0 = Debug|Any CPU
		{AFBAE8D7-2A5F-4A86-90AD-BFFA5B14F62B}.Release|Any CPU.ActiveCfg = Release|Any CPU
		{AFBAE8D7-2A5F-4A86-90AD-BFFA5B14F62B}.Release|Any CPU.Build.0 = Release|Any CPU
		{A2FBC28D-A9B6-4507-9F0A-9D7F00581301}.Debug|Any CPU.ActiveCfg = Debug|Any CPU
		{A2FBC28D-A9B6-4507-9F0A-9D7F00581301}.Debug|Any CPU.Build.0 = Debug|Any CPU
		{A2FBC28D-A9B6-4507-9F0A-9D7F00581301}.Release|Any CPU.ActiveCfg = Release|Any CPU
		{A2FBC28D-A9B6-4507-9F0A-9D7F00581301}.Release|Any CPU.Build.0 = Release|Any CPU
		{EB5DEAEB-4C76-4BEC-A863-C638CCDEB90B}.Debug|Any CPU.ActiveCfg = Debug|Any CPU
		{EB5DEAEB-4C76-4BEC-A863-C638CCDEB90B}.Debug|Any CPU.Build.0 = Debug|Any CPU
		{EB5DEAEB-4C76-4BEC-A863-C638CCDEB90B}.Release|Any CPU.ActiveCfg = Release|Any CPU
		{EB5DEAEB-4C76-4BEC-A863-C638CCDEB90B}.Release|Any CPU.Build.0 = Release|Any CPU
	EndGlobalSection
	GlobalSection(SolutionProperties) = preSolution
		HideSolutionNode = FALSE
	EndGlobalSection
	GlobalSection(NestedProjects) = preSolution
		{AFBAE8D7-2A5F-4A86-90AD-BFFA5B14F62B} = {602FC4DA-C3E8-4BF7-9FA4-CF3AFB792029}
		{A2FBC28D-A9B6-4507-9F0A-9D7F00581301} = {602FC4DA-C3E8-4BF7-9FA4-CF3AFB792029}
		{EB5DEAEB-4C76-4BEC-A863-C638CCDEB90B} = {6F87D3CE-4146-4A1B-8409-FEC4FF78D5FD}
	EndGlobalSection
EndGlobal
